
Microsoft Visual Studio Solution File, Format Version 12.00
# Visual Studio Version 17
VisualStudioVersion = 17.10.35027.167
MinimumVisualStudioVersion = 10.0.40219.1
Project("{FAE04EC0-301F-11D3-BF4B-00C04F79EFBC}") = "Now Playing", "Now Playing.csproj", "{B0DD03B4-F272-41FA-8581-B5DDB20995BE}"
EndProject
Global
	GlobalSection(SolutionConfigurationPlatforms) = preSolution
		Debug|Any CPU = Debug|Any CPU
		Debug|x64 = Debug|x64
		Release|Any CPU = Release|Any CPU
		Release|x64 = Release|x64
	EndGlobalSection
	GlobalSection(ProjectConfigurationPlatforms) = postSolution
		{B0DD03B4-F272-41FA-8581-B5DDB20995BE}.Debug|Any CPU.ActiveCfg = Debug|Any CPU
		{B0DD03B4-F272-41FA-8581-B5DDB20995BE}.Debug|Any CPU.Build.0 = Debug|Any CPU
		{B0DD03B4-F272-41FA-8581-B5DDB20995BE}.Debug|x64.ActiveCfg = Debug|x64
		{B0DD03B4-F272-41FA-8581-B5DDB20995BE}.Debug|x64.Build.0 = Debug|x64
		{B0DD03B4-F272-41FA-8581-B5DDB20995BE}.Release|Any CPU.ActiveCfg = Release|Any CPU
		{B0DD03B4-F272-41FA-8581-B5DDB20995BE}.Release|Any CPU.Build.0 = Release|Any CPU
		{B0DD03B4-F272-41FA-8581-B5DDB20995BE}.Release|x64.ActiveCfg = Release|x64
		{B0DD03B4-F272-41FA-8581-B5DDB20995BE}.Release|x64.Build.0 = Release|x64
	EndGlobalSection
	GlobalSection(SolutionProperties) = preSolution
		HideSolutionNode = FALSE
	EndGlobalSection
	GlobalSection(ExtensibilityGlobals) = postSolution
		SolutionGuid = {E8F07E86-074B-455D-AAF6-76572ECFC03A}
	EndGlobalSection
EndGlobal
